
Microsoft Visual Studio Solution File, Format Version 12.00
# Visual Studio Version 17
VisualStudioVersion = 17.4.33015.44
MinimumVisualStudioVersion = 10.0.40219.1
Project("{FAE04EC0-301F-11D3-BF4B-00C04F79EFBC}") = "AzureFunctionsWithKeyVault", "AzureFunctionsWithKeyVault.csproj", "{C5D15828-7318-465B-9F3F-9F587688D9B7}"
EndProject
Global
	GlobalSection(SolutionConfigurationPlatforms) = preSolution
		Debug|Any CPU = Debug|Any CPU
		Release|Any CPU = Release|Any CPU
	EndGlobalSection
	GlobalSection(ProjectConfigurationPlatforms) = postSolution
		{C5D15828-7318-465B-9F3F-9F587688D9B7}.Debug|Any CPU.ActiveCfg = Debug|Any CPU
		{C5D15828-7318-465B-9F3F-9F587688D9B7}.Debug|Any CPU.Build.0 = Debug|Any CPU
		{C5D15828-7318-465B-9F3F-9F587688D9B7}.Release|Any CPU.ActiveCfg = Release|Any CPU
		{C5D15828-7318-465B-9F3F-9F587688D9B7}.Release|Any CPU.Build.0 = Release|Any CPU
	EndGlobalSection
	GlobalSection(SolutionProperties) = preSolution
		HideSolutionNode = FALSE
	EndGlobalSection
	GlobalSection(ExtensibilityGlobals) = postSolution
		SolutionGuid = {AC39E618-EFB3-474F-8DAB-BDB2577E0437}
	EndGlobalSection
EndGlobal
